
Microsoft Visual Studio Solution File, Format Version 12.00
# Visual Studio 15
VisualStudioVersion = 15.0.26430.16
MinimumVisualStudioVersion = 10.0.40219.1
Project("{FAE04EC0-301F-11D3-BF4B-00C04F79EFBC}") = "Logowanie_ with_FD", "WebApplication1_Logowanie\Logowanie_ with_FD.csproj", "{4E838582-F800-4D91-A528-A1578F417677}"
EndProject
Global
	GlobalSection(SolutionConfigurationPlatforms) = preSolution
		Debug|Any CPU = Debug|Any CPU
		Release|Any CPU = Release|Any CPU
	EndGlobalSection
	GlobalSection(ProjectConfigurationPlatforms) = postSolution
		{4E838582-F800-4D91-A528-A1578F417677}.Debug|Any CPU.ActiveCfg = Debug|Any CPU
		{4E838582-F800-4D91-A528-A1578F417677}.Debug|Any CPU.Build.0 = Debug|Any CPU
		{4E838582-F800-4D91-A528-A1578F417677}.Release|Any CPU.ActiveCfg = Release|Any CPU
		{4E838582-F800-4D91-A528-A1578F417677}.Release|Any CPU.Build.0 = Release|Any CPU
	EndGlobalSection
	GlobalSection(SolutionProperties) = preSolution
		HideSolutionNode = FALSE
	EndGlobalSection
	GlobalSection(ExtensibilityGlobals) = postSolution
		SolutionGuid = {F31EC9C8-0423-436F-BC5C-43544A23691E}
	EndGlobalSection
EndGlobal
